
Microsoft Visual Studio Solution File, Format Version 12.00
# Visual Studio Version 17
VisualStudioVersion = 17.13.35806.99 d17.13
MinimumVisualStudioVersion = 10.0.40219.1
Project("{FAE04EC0-301F-11D3-BF4B-00C04F79EFBC}") = "FormsApp1", "FormsApp1\FormsApp1.csproj", "{7581C4AF-0943-4650-B434-0EF380B07C3D}"
EndProject
Global
	GlobalSection(SolutionConfigurationPlatforms) = preSolution
		Debug|Any CPU = Debug|Any CPU
		Release|Any CPU = Release|Any CPU
	EndGlobalSection
	GlobalSection(ProjectConfigurationPlatforms) = postSolution
		{7581C4AF-0943-4650-B434-0EF380B07C3D}.Debug|Any CPU.ActiveCfg = Debug|Any CPU
		{7581C4AF-0943-4650-B434-0EF380B07C3D}.Debug|Any CPU.Build.0 = Debug|Any CPU
		{7581C4AF-0943-4650-B434-0EF380B07C3D}.Release|Any CPU.ActiveCfg = Release|Any CPU
		{7581C4AF-0943-4650-B434-0EF380B07C3D}.Release|Any CPU.Build.0 = Release|Any CPU
	EndGlobalSection
	GlobalSection(SolutionProperties) = preSolution
		HideSolutionNode = FALSE
	EndGlobalSection
	GlobalSection(ExtensibilityGlobals) = postSolution
		SolutionGuid = {38B5D366-2B04-421D-A1F3-0FB64587FA80}
	EndGlobalSection
EndGlobal
